
Microsoft Visual Studio Solution File, Format Version 12.00
# Visual Studio Version 17
VisualStudioVersion = 17.3.32901.215
MinimumVisualStudioVersion = 10.0.40219.1
Project("{FAE04EC0-301F-11D3-BF4B-00C04F79EFBC}") = "bolum2uygukama1-1", "bolum2uygukama1-1\bolum2uygukama1-1.csproj", "{6BE9F980-DDC4-4846-A2AA-2E6A70325DDE}"
EndProject
Global
	GlobalSection(SolutionConfigurationPlatforms) = preSolution
		Debug|Any CPU = Debug|Any CPU
		Release|Any CPU = Release|Any CPU
	EndGlobalSection
	GlobalSection(ProjectConfigurationPlatforms) = postSolution
		{6BE9F980-DDC4-4846-A2AA-2E6A70325DDE}.Debug|Any CPU.ActiveCfg = Debug|Any CPU
		{6BE9F980-DDC4-4846-A2AA-2E6A70325DDE}.Debug|Any CPU.Build.0 = Debug|Any CPU
		{6BE9F980-DDC4-4846-A2AA-2E6A70325DDE}.Release|Any CPU.ActiveCfg = Release|Any CPU
		{6BE9F980-DDC4-4846-A2AA-2E6A70325DDE}.Release|Any CPU.Build.0 = Release|Any CPU
	EndGlobalSection
	GlobalSection(SolutionProperties) = preSolution
		HideSolutionNode = FALSE
	EndGlobalSection
	GlobalSection(ExtensibilityGlobals) = postSolution
		SolutionGuid = {325A5B07-B756-4212-9275-82E0132C2B12}
	EndGlobalSection
EndGlobal
